// !$*UTF8*$!
{
	archiveVersion = 1;
	classes = {
	};
	objectVersion = 51;
	objects = {

/* Begin PBXBuildFile section */
		0AC20745D7D8FCC11634BDE3 /* Pods_Swift5_TodoTests.framework in Frameworks */ = {isa = PBXBuildFile; fileRef = 84A8C91D4E33A6EEE91B3CCB /* Pods_Swift5_TodoTests.framework */; };
		25FBA98C77CC991C26AA0986 /* Pods_Swift5_Todo.framework in Frameworks */ = {isa = PBXBuildFile; fileRef = 411E7CAAE14BDDFE470C8DF6 /* Pods_Swift5_Todo.framework */; };
		BBC5B974FBA74D368F097E9A /* Pods_Swift5_Todo_Swift5_TodoUITests.framework in Frameworks */ = {isa = PBXBuildFile; fileRef = 7D5DED0F18825C7777B1F168 /* Pods_Swift5_Todo_Swift5_TodoUITests.framework */; };
		E776CCBC2477F8EC0064420F /* TodoTableViewController.swift in Sources */ = {isa = PBXBuildFile; fileRef = E776CCBB2477F8EC0064420F /* TodoTableViewController.swift */; };
		E7BE1CF72477102C0046F175 /* AppDelegate.swift in Sources */ = {isa = PBXBuildFile; fileRef = E7BE1CF62477102C0046F175 /* AppDelegate.swift */; };
		E7BE1CF92477102C0046F175 /* SceneDelegate.swift in Sources */ = {isa = PBXBuildFile; fileRef = E7BE1CF82477102C0046F175 /* SceneDelegate.swift */; };
		E7BE1CFE2477102C0046F175 /* Main.storyboard in Resources */ = {isa = PBXBuildFile; fileRef = E7BE1CFC2477102C0046F175 /* Main.storyboard */; };
		E7BE1D002477102F0046F175 /* Assets.xcassets in Resources */ = {isa = PBXBuildFile; fileRef = E7BE1CFF2477102F0046F175 /* Assets.xcassets */; };
		E7BE1D032477102F0046F175 /* LaunchScreen.storyboard in Resources */ = {isa = PBXBuildFile; fileRef = E7BE1D012477102F0046F175 /* LaunchScreen.storyboard */; };
		E7BE1D0E2477102F0046F175 /* Swift5_TodoTests.swift in Sources */ = {isa = PBXBuildFile; fileRef = E7BE1D0D2477102F0046F175 /* Swift5_TodoTests.swift */; };
		E7BE1D192477102F0046F175 /* Swift5_TodoUITests.swift in Sources */ = {isa = PBXBuildFile; fileRef = E7BE1D182477102F0046F175 /* Swift5_TodoUITests.swift */; };
/* End PBXBuildFile section */

/* Begin PBXContainerItemProxy section */
		E7BE1D0A2477102F0046F175 /* PBXContainerItemProxy */ = {
			isa = PBXContainerItemProxy;
			containerPortal = E7BE1CEB2477102C0046F175 /* Project object */;
			proxyType = 1;
			remoteGlobalIDString = E7BE1CF22477102C0046F175;
			remoteInfo = "Swift5 Todo";
		};
		E7BE1D152477102F0046F175 /* PBXContainerItemProxy */ = {
			isa = PBXContainerItemProxy;
			containerPortal = E7BE1CEB2477102C0046F175 /* Project object */;
			proxyType = 1;
			remoteGlobalIDString = E7BE1CF22477102C0046F175;
			remoteInfo = "Swift5 Todo";
		};
/* End PBXContainerItemProxy section */

/* Begin PBXFileReference section */
		121BF761E507E3F8F8752DB9 /* Pods-Swift5 Todo.release.xcconfig */ = {isa = PBXFileReference; includeInIndex = 1; lastKnownFileType = text.xcconfig; name = "Pods-Swift5 Todo.release.xcconfig"; path = "Target Support Files/Pods-Swift5 Todo/Pods-Swift5 Todo.release.xcconfig"; sourceTree = "<group>"; };
		411E7CAAE14BDDFE470C8DF6 /* Pods_Swift5_Todo.framework */ = {isa = PBXFileReference; explicitFileType = wrapper.framework; includeInIndex = 0; path = Pods_Swift5_Todo.framework; sourceTree = BUILT_PRODUCTS_DIR; };
		4AAD0330E4869FF741A21E84 /* Pods-Swift5 TodoTests.release.xcconfig */ = {isa = PBXFileReference; includeInIndex = 1; lastKnownFileType = text.xcconfig; name = "Pods-Swift5 TodoTests.release.xcconfig"; path = "Target Support Files/Pods-Swift5 TodoTests/Pods-Swift5 TodoTests.release.xcconfig"; sourceTree = "<group>"; };
		57ACFA724BBC1A68ECA723E5 /* Pods-Swift5 Todo-Swift5 TodoUITests.release.xcconfig */ = {isa = PBXFileReference; includeInIndex = 1; lastKnownFileType = text.xcconfig; name = "Pods-Swift5 Todo-Swift5 TodoUITests.release.xcconfig"; path = "Target Support Files/Pods-Swift5 Todo-Swift5 TodoUITests/Pods-Swift5 Todo-Swift5 TodoUITests.release.xcconfig"; sourceTree = "<group>"; };
		59A9B53A7911FB861B360891 /* Pods-Swift5 Todo.debug.xcconfig */ = {isa = PBXFileReference; includeInIndex = 1; lastKnownFileType = text.xcconfig; name = "Pods-Swift5 Todo.debug.xcconfig"; path = "Target Support Files/Pods-Swift5 Todo/Pods-Swift5 Todo.debug.xcconfig"; sourceTree = "<group>"; };
		6C45492828E1FED1BAB8F331 /* Pods-Swift5 Todo-Swift5 TodoUITests.debug.xcconfig */ = {isa = PBXFileReference; includeInIndex = 1; lastKnownFileType = text.xcconfig; name = "Pods-Swift5 Todo-Swift5 TodoUITests.debug.xcconfig"; path = "Target Support Files/Pods-Swift5 Todo-Swift5 TodoUITests/Pods-Swift5 Todo-Swift5 TodoUITests.debug.xcconfig"; sourceTree = "<group>"; };
		7D5DED0F18825C7777B1F168 /* Pods_Swift5_Todo_Swift5_TodoUITests.framework */ = {isa = PBXFileReference; explicitFileType = wrapper.framework; includeInIndex = 0; path = Pods_Swift5_Todo_Swift5_TodoUITests.framework; sourceTree = BUILT_PRODUCTS_DIR; };
		84A8C91D4E33A6EEE91B3CCB /* Pods_Swift5_TodoTests.framework */ = {isa = PBXFileReference; explicitFileType = wrapper.framework; includeInIndex = 0; path = Pods_Swift5_TodoTests.framework; sourceTree = BUILT_PRODUCTS_DIR; };
		B6DEF5C27C37C839582CE4F9 /* Pods-Swift5 TodoTests.debug.xcconfig */ = {isa = PBXFileReference; includeInIndex = 1; lastKnownFileType = text.xcconfig; name = "Pods-Swift5 TodoTests.debug.xcconfig"; path = "Target Support Files/Pods-Swift5 TodoTests/Pods-Swift5 TodoTests.debug.xcconfig"; sourceTree = "<group>"; };
		E776CCBB2477F8EC0064420F /* TodoTableViewController.swift */ = {isa = PBXFileReference; lastKnownFileType = sourcecode.swift; path = TodoTableViewController.swift; sourceTree = "<group>"; };
		E7BE1CF32477102C0046F175 /* Swift5 Todo.app */ = {isa = PBXFileReference; explicitFileType = wrapper.application; includeInIndex = 0; path = "Swift5 Todo.app"; sourceTree = BUILT_PRODUCTS_DIR; };
		E7BE1CF62477102C0046F175 /* AppDelegate.swift */ = {isa = PBXFileReference; lastKnownFileType = sourcecode.swift; path = AppDelegate.swift; sourceTree = "<group>"; };
		E7BE1CF82477102C0046F175 /* SceneDelegate.swift */ = {isa = PBXFileReference; lastKnownFileType = sourcecode.swift; path = SceneDelegate.swift; sourceTree = "<group>"; };
		E7BE1CFD2477102C0046F175 /* Base */ = {isa = PBXFileReference; lastKnownFileType = file.storyboard; name = Base; path = Base.lproj/Main.storyboard; sourceTree = "<group>"; };
		E7BE1CFF2477102F0046F175 /* Assets.xcassets */ = {isa = PBXFileReference; lastKnownFileType = folder.assetcatalog; path = Assets.xcassets; sourceTree = "<group>"; };
		E7BE1D022477102F0046F175 /* Base */ = {isa = PBXFileReference; lastKnownFileType = file.storyboard; name = Base; path = Base.lproj/LaunchScreen.storyboard; sourceTree = "<group>"; };
		E7BE1D042477102F0046F175 /* Info.plist */ = {isa = PBXFileReference; lastKnownFileType = text.plist.xml; path = Info.plist; sourceTree = "<group>"; };
		E7BE1D092477102F0046F175 /* Swift5 TodoTests.xctest */ = {isa = PBXFileReference; explicitFileType = wrapper.cfbundle; includeInIndex = 0; path = "Swift5 TodoTests.xctest"; sourceTree = BUILT_PRODUCTS_DIR; };
		E7BE1D0D2477102F0046F175 /* Swift5_TodoTests.swift */ = {isa = PBXFileReference; lastKnownFileType = sourcecode.swift; path = Swift5_TodoTests.swift; sourceTree = "<group>"; };
		E7BE1D0F2477102F0046F175 /* Info.plist */ = {isa = PBXFileReference; lastKnownFileType = text.plist.xml; path = Info.plist; sourceTree = "<group>"; };
		E7BE1D142477102F0046F175 /* Swift5 TodoUITests.xctest */ = {isa = PBXFileReference; explicitFileType = wrapper.cfbundle; includeInIndex = 0; path = "Swift5 TodoUITests.xctest"; sourceTree = BUILT_PRODUCTS_DIR; };
		E7BE1D182477102F0046F175 /* Swift5_TodoUITests.swift */ = {isa = PBXFileReference; lastKnownFileType = sourcecode.swift; path = Swift5_TodoUITests.swift; sourceTree = "<group>"; };
		E7BE1D1A2477102F0046F175 /* Info.plist */ = {isa = PBXFileReference; lastKnownFileType = text.plist.xml; path = Info.plist; sourceTree = "<group>"; };
/* End PBXFileReference section */

/* Begin PBXFrameworksBuildPhase section */
		E7BE1CF02477102C0046F175 /* Frameworks */ = {
			isa = PBXFrameworksBuildPhase;
			buildActionMask = 2147483647;
			files = (
				25FBA98C77CC991C26AA0986 /* Pods_Swift5_Todo.framework in Frameworks */,
			);
			runOnlyForDeploymentPostprocessing = 0;
		};
		E7BE1D062477102F0046F175 /* Frameworks */ = {
			isa = PBXFrameworksBuildPhase;
			buildActionMask = 2147483647;
			files = (
				0AC20745D7D8FCC11634BDE3 /* Pods_Swift5_TodoTests.framework in Frameworks */,
			);
			runOnlyForDeploymentPostprocessing = 0;
		};
		E7BE1D112477102F0046F175 /* Frameworks */ = {
			isa = PBXFrameworksBuildPhase;
			buildActionMask = 2147483647;
			files = (
				BBC5B974FBA74D368F097E9A /* Pods_Swift5_Todo_Swift5_TodoUITests.framework in Frameworks */,
			);
			runOnlyForDeploymentPostprocessing = 0;
		};
/* End PBXFrameworksBuildPhase section */

/* Begin PBXGroup section */
		53638F7A9DE1844EB1ED58FA /* Pods */ = {
			isa = PBXGroup;
			children = (
				59A9B53A7911FB861B360891 /* Pods-Swift5 Todo.debug.xcconfig */,
				121BF761E507E3F8F8752DB9 /* Pods-Swift5 Todo.release.xcconfig */,
				6C45492828E1FED1BAB8F331 /* Pods-Swift5 Todo-Swift5 TodoUITests.debug.xcconfig */,
				57ACFA724BBC1A68ECA723E5 /* Pods-Swift5 Todo-Swift5 TodoUITests.release.xcconfig */,
				B6DEF5C27C37C839582CE4F9 /* Pods-Swift5 TodoTests.debug.xcconfig */,
				4AAD0330E4869FF741A21E84 /* Pods-Swift5 TodoTests.release.xcconfig */,
			);
			path = Pods;
			sourceTree = "<group>";
		};
		B9C9FB3C382CEE16651A2B29 /* Frameworks */ = {
			isa = PBXGroup;
			children = (
				411E7CAAE14BDDFE470C8DF6 /* Pods_Swift5_Todo.framework */,
				7D5DED0F18825C7777B1F168 /* Pods_Swift5_Todo_Swift5_TodoUITests.framework */,
				84A8C91D4E33A6EEE91B3CCB /* Pods_Swift5_TodoTests.framework */,
			);
			name = Frameworks;
			sourceTree = "<group>";
		};
		E7BE1CEA2477102C0046F175 = {
			isa = PBXGroup;
			children = (
				E7BE1CF52477102C0046F175 /* Swift5 Todo */,
				E7BE1D0C2477102F0046F175 /* Swift5 TodoTests */,
				E7BE1D172477102F0046F175 /* Swift5 TodoUITests */,
				E7BE1CF42477102C0046F175 /* Products */,
				53638F7A9DE1844EB1ED58FA /* Pods */,
				B9C9FB3C382CEE16651A2B29 /* Frameworks */,
			);
			sourceTree = "<group>";
		};
		E7BE1CF42477102C0046F175 /* Products */ = {
			isa = PBXGroup;
			children = (
				E7BE1CF32477102C0046F175 /* Swift5 Todo.app */,
				E7BE1D092477102F0046F175 /* Swift5 TodoTests.xctest */,
				E7BE1D142477102F0046F175 /* Swift5 TodoUITests.xctest */,
			);
			name = Products;
			sourceTree = "<group>";
		};
		E7BE1CF52477102C0046F175 /* Swift5 Todo */ = {
			isa = PBXGroup;
			children = (
				E7BE1CF62477102C0046F175 /* AppDelegate.swift */,
				E7BE1CF82477102C0046F175 /* SceneDelegate.swift */,
				E776CCBB2477F8EC0064420F /* TodoTableViewController.swift */,
				E7BE1CFC2477102C0046F175 /* Main.storyboard */,
				E7BE1CFF2477102F0046F175 /* Assets.xcassets */,
				E7BE1D012477102F0046F175 /* LaunchScreen.storyboard */,
				E7BE1D042477102F0046F175 /* Info.plist */,
			);
			path = "Swift5 Todo";
			sourceTree = "<group>";
		};
		E7BE1D0C2477102F0046F175 /* Swift5 TodoTests */ = {
			isa = PBXGroup;
			children = (
				E7BE1D0D2477102F0046F175 /* Swift5_TodoTests.swift */,
				E7BE1D0F2477102F0046F175 /* Info.plist */,
			);
			path = "Swift5 TodoTests";
			sourceTree = "<group>";
		};
		E7BE1D172477102F0046F175 /* Swift5 TodoUITests */ = {
			isa = PBXGroup;
			children = (
				E7BE1D182477102F0046F175 /* Swift5_TodoUITests.swift */,
				E7BE1D1A2477102F0046F175 /* Info.plist */,
			);
			path = "Swift5 TodoUITests";
			sourceTree = "<group>";
		};
/* End PBXGroup section */

/* Begin PBXNativeTarget section */
		E7BE1CF22477102C0046F175 /* Swift5 Todo */ = {
			isa = PBXNativeTarget;
			buildConfigurationList = E7BE1D1D2477102F0046F175 /* Build configuration list for PBXNativeTarget "Swift5 Todo" */;
			buildPhases = (
				3B90F2778717ADF72C30DA44 /* [CP] Check Pods Manifest.lock */,
				E7BE1CEF2477102C0046F175 /* Sources */,
				E7BE1CF02477102C0046F175 /* Frameworks */,
				E7BE1CF12477102C0046F175 /* Resources */,
				DD5BFA4B98B9D5C6DA76A95A /* [CP] Embed Pods Frameworks */,
			);
			buildRules = (
			);
			dependencies = (
			);
			name = "Swift5 Todo";
			productName = "Swift5 Todo";
			productReference = E7BE1CF32477102C0046F175 /* Swift5 Todo.app */;
			productType = "com.apple.product-type.application";
		};
		E7BE1D082477102F0046F175 /* Swift5 TodoTests */ = {
			isa = PBXNativeTarget;
			buildConfigurationList = E7BE1D202477102F0046F175 /* Build configuration list for PBXNativeTarget "Swift5 TodoTests" */;
			buildPhases = (
				2599AB4A970E72CF42998EFE /* [CP] Check Pods Manifest.lock */,
				E7BE1D052477102F0046F175 /* Sources */,
				E7BE1D062477102F0046F175 /* Frameworks */,
				E7BE1D072477102F0046F175 /* Resources */,
			);
			buildRules = (
			);
			dependencies = (
				E7BE1D0B2477102F0046F175 /* PBXTargetDependency */,
			);
			name = "Swift5 TodoTests";
			productName = "Swift5 TodoTests";
			productReference = E7BE1D092477102F0046F175 /* Swift5 TodoTests.xctest */;
			productType = "com.apple.product-type.bundle.unit-test";
		};
		E7BE1D132477102F0046F175 /* Swift5 TodoUITests */ = {
			isa = PBXNativeTarget;
			buildConfigurationList = E7BE1D232477102F0046F175 /* Build configuration list for PBXNativeTarget "Swift5 TodoUITests" */;
			buildPhases = (
				64E98667D9D905D6096A5E82 /* [CP] Check Pods Manifest.lock */,
				E7BE1D102477102F0046F175 /* Sources */,
				E7BE1D112477102F0046F175 /* Frameworks */,
				E7BE1D122477102F0046F175 /* Resources */,
				26EDBDC2AEB6A2F8D1973D6C /* [CP] Embed Pods Frameworks */,
			);
			buildRules = (
			);
			dependencies = (
				E7BE1D162477102F0046F175 /* PBXTargetDependency */,
			);
			name = "Swift5 TodoUITests";
			productName = "Swift5 TodoUITests";
			productReference = E7BE1D142477102F0046F175 /* Swift5 TodoUITests.xctest */;
			productType = "com.apple.product-type.bundle.ui-testing";
		};
/* End PBXNativeTarget section */

/* Begin PBXProject section */
		E7BE1CEB2477102C0046F175 /* Project object */ = {
			isa = PBXProject;
			attributes = {
				LastSwiftUpdateCheck = 1140;
				LastUpgradeCheck = 1140;
				ORGANIZATIONNAME = Hiroaki_Hirabayashi;
				TargetAttributes = {
					E7BE1CF22477102C0046F175 = {
						CreatedOnToolsVersion = 11.4;
					};
					E7BE1D082477102F0046F175 = {
						CreatedOnToolsVersion = 11.4;
						TestTargetID = E7BE1CF22477102C0046F175;
					};
					E7BE1D132477102F0046F175 = {
						CreatedOnToolsVersion = 11.4;
						TestTargetID = E7BE1CF22477102C0046F175;
					};
				};
			};
			buildConfigurationList = E7BE1CEE2477102C0046F175 /* Build configuration list for PBXProject "Swift5 Todo" */;
			compatibilityVersion = "Xcode 9.3";
			developmentRegion = en;
			hasScannedForEncodings = 0;
			knownRegions = (
				en,
				Base,
			);
			mainGroup = E7BE1CEA2477102C0046F175;
			productRefGroup = E7BE1CF42477102C0046F175 /* Products */;
			projectDirPath = "";
			projectRoot = "";
			targets = (
				E7BE1CF22477102C0046F175 /* Swift5 Todo */,
				E7BE1D082477102F0046F175 /* Swift5 TodoTests */,
				E7BE1D132477102F0046F175 /* Swift5 TodoUITests */,
			);
		};
/* End PBXProject section */

/* Begin PBXResourcesBuildPhase section */
		E7BE1CF12477102C0046F175 /* Resources */ = {
			isa = PBXResourcesBuildPhase;
			buildActionMask = 2147483647;
			files = (
				E7BE1D032477102F0046F175 /* LaunchScreen.storyboard in Resources */,
				E7BE1D002477102F0046F175 /* Assets.xcassets in Resources */,
				E7BE1CFE2477102C0046F175 /* Main.storyboard in Resources */,
			);
			runOnlyForDeploymentPostprocessing = 0;
		};
		E7BE1D072477102F0046F175 /* Resources */ = {
			isa = PBXResourcesBuildPhase;
			buildActionMask = 2147483647;
			files = (
			);
			runOnlyForDeploymentPostprocessing = 0;
		};
		E7BE1D122477102F0046F175 /* Resources */ = {
			isa = PBXResourcesBuildPhase;
			buildActionMask = 2147483647;
			files = (
			);
			runOnlyForDeploymentPostprocessing = 0;
		};
/* End PBXResourcesBuildPhase section */

/* Begin PBXShellScriptBuildPhase section */
		2599AB4A970E72CF42998EFE /* [CP] Check Pods Manifest.lock */ = {
			isa = PBXShellScriptBuildPhase;
			buildActionMask = 2147483647;
			files = (
			);
			inputFileListPaths = (
			);
			inputPaths = (
				"${PODS_PODFILE_DIR_PATH}/Podfile.lock",
				"${PODS_ROOT}/Manifest.lock",
			);
			name = "[CP] Check Pods Manifest.lock";
			outputFileListPaths = (
			);
			outputPaths = (
				"$(DERIVED_FILE_DIR)/Pods-Swift5 TodoTests-checkManifestLockResult.txt",
			);
			runOnlyForDeploymentPostprocessing = 0;
			shellPath = /bin/sh;
			shellScript = "diff \"${PODS_PODFILE_DIR_PATH}/Podfile.lock\" \"${PODS_ROOT}/Manifest.lock\" > /dev/null\nif [ $? != 0 ] ; then\n    # print error to STDERR\n    echo \"error: The sandbox is not in sync with the Podfile.lock. Run 'pod install' or update your CocoaPods installation.\" >&2\n    exit 1\nfi\n# This output is used by Xcode 'outputs' to avoid re-running this script phase.\necho \"SUCCESS\" > \"${SCRIPT_OUTPUT_FILE_0}\"\n";
			showEnvVarsInLog = 0;
		};
		26EDBDC2AEB6A2F8D1973D6C /* [CP] Embed Pods Frameworks */ = {
			isa = PBXShellScriptBuildPhase;
			buildActionMask = 2147483647;
			files = (
			);
			inputFileListPaths = (
				"${PODS_ROOT}/Target Support Files/Pods-Swift5 Todo-Swift5 TodoUITests/Pods-Swift5 Todo-Swift5 TodoUITests-frameworks-${CONFIGURATION}-input-files.xcfilelist",
			);
			name = "[CP] Embed Pods Frameworks";
			outputFileListPaths = (
				"${PODS_ROOT}/Target Support Files/Pods-Swift5 Todo-Swift5 TodoUITests/Pods-Swift5 Todo-Swift5 TodoUITests-frameworks-${CONFIGURATION}-output-files.xcfilelist",
			);
			runOnlyForDeploymentPostprocessing = 0;
			shellPath = /bin/sh;
			shellScript = "\"${PODS_ROOT}/Target Support Files/Pods-Swift5 Todo-Swift5 TodoUITests/Pods-Swift5 Todo-Swift5 TodoUITests-frameworks.sh\"\n";
			showEnvVarsInLog = 0;
		};
		3B90F2778717ADF72C30DA44 /* [CP] Check Pods Manifest.lock */ = {
			isa = PBXShellScriptBuildPhase;
			buildActionMask = 2147483647;
			files = (
			);
			inputFileListPaths = (
			);
			inputPaths = (
				"${PODS_PODFILE_DIR_PATH}/Podfile.lock",
				"${PODS_ROOT}/Manifest.lock",
			);
			name = "[CP] Check Pods Manifest.lock";
			outputFileListPaths = (
			);
			outputPaths = (
				"$(DERIVED_FILE_DIR)/Pods-Swift5 Todo-checkManifestLockResult.txt",
			);
			runOnlyForDeploymentPostprocessing = 0;
			shellPath = /bin/sh;
			shellScript = "diff \"${PODS_PODFILE_DIR_PATH}/Podfile.lock\" \"${PODS_ROOT}/Manifest.lock\" > /dev/null\nif [ $? != 0 ] ; then\n    # print error to STDERR\n    echo \"error: The sandbox is not in sync with the Podfile.lock. Run 'pod install' or update your CocoaPods installation.\" >&2\n    exit 1\nfi\n# This output is used by Xcode 'outputs' to avoid re-running this script phase.\necho \"SUCCESS\" > \"${SCRIPT_OUTPUT_FILE_0}\"\n";
			showEnvVarsInLog = 0;
		};
		64E98667D9D905D6096A5E82 /* [CP] Check Pods Manifest.lock */ = {
			isa = PBXShellScriptBuildPhase;
			buildActionMask = 2147483647;
			files = (
			);
			inputFileListPaths = (
			);
			inputPaths = (
				"${PODS_PODFILE_DIR_PATH}/Podfile.lock",
				"${PODS_ROOT}/Manifest.lock",
			);
			name = "[CP] Check Pods Manifest.lock";
			outputFileListPaths = (
			);
			outputPaths = (
				"$(DERIVED_FILE_DIR)/Pods-Swift5 Todo-Swift5 TodoUITests-checkManifestLockResult.txt",
			);
			runOnlyForDeploymentPostprocessing = 0;
			shellPath = /bin/sh;
			shellScript = "diff \"${PODS_PODFILE_DIR_PATH}/Podfile.lock\" \"${PODS_ROOT}/Manifest.lock\" > /dev/null\nif [ $? != 0 ] ; then\n    # print error to STDERR\n    echo \"error: The sandbox is not in sync with the Podfile.lock. Run 'pod install' or update your CocoaPods installation.\" >&2\n    exit 1\nfi\n# This output is used by Xcode 'outputs' to avoid re-running this script phase.\necho \"SUCCESS\" > \"${SCRIPT_OUTPUT_FILE_0}\"\n";
			showEnvVarsInLog = 0;
		};
		DD5BFA4B98B9D5C6DA76A95A /* [CP] Embed Pods Frameworks */ = {
			isa = PBXShellScriptBuildPhase;
			buildActionMask = 2147483647;
			files = (
			);
			inputFileListPaths = (
				"${PODS_ROOT}/Target Support Files/Pods-Swift5 Todo/Pods-Swift5 Todo-frameworks-${CONFIGURATION}-input-files.xcfilelist",
			);
			name = "[CP] Embed Pods Frameworks";
			outputFileListPaths = (
				"${PODS_ROOT}/Target Support Files/Pods-Swift5 Todo/Pods-Swift5 Todo-frameworks-${CONFIGURATION}-output-files.xcfilelist",
			);
			runOnlyForDeploymentPostprocessing = 0;
			shellPath = /bin/sh;
			shellScript = "\"${PODS_ROOT}/Target Support Files/Pods-Swift5 Todo/Pods-Swift5 Todo-frameworks.sh\"\n";
			showEnvVarsInLog = 0;
		};
/* End PBXShellScriptBuildPhase section */

/* Begin PBXSourcesBuildPhase section */
		E7BE1CEF2477102C0046F175 /* Sources */ = {
			isa = PBXSourcesBuildPhase;
			buildActionMask = 2147483647;
			files = (
				E7BE1CF72477102C0046F175 /* AppDelegate.swift in Sources */,
				E776CCBC2477F8EC0064420F /* TodoTableViewController.swift in Sources */,
				E7BE1CF92477102C0046F175 /* SceneDelegate.swift in Sources */,
			);
			runOnlyForDeploymentPostprocessing = 0;
		};
		E7BE1D052477102F0046F175 /* Sources */ = {
			isa = PBXSourcesBuildPhase;
			buildActionMask = 2147483647;
			files = (
				E7BE1D0E2477102F0046F175 /* Swift5_TodoTests.swift in Sources */,
			);
			runOnlyForDeploymentPostprocessing = 0;
		};
		E7BE1D102477102F0046F175 /* Sources */ = {
			isa = PBXSourcesBuildPhase;
			buildActionMask = 2147483647;
			files = (
				E7BE1D192477102F0046F175 /* Swift5_TodoUITests.swift in Sources */,
			);
			runOnlyForDeploymentPostprocessing = 0;
		};
/* End PBXSourcesBuildPhase section */

/* Begin PBXTargetDependency section */
		E7BE1D0B2477102F0046F175 /* PBXTargetDependency */ = {
			isa = PBXTargetDependency;
			target = E7BE1CF22477102C0046F175 /* Swift5 Todo */;
			targetProxy = E7BE1D0A2477102F0046F175 /* PBXContainerItemProxy */;
		};
		E7BE1D162477102F0046F175 /* PBXTargetDependency */ = {
			isa = PBXTargetDependency;
			target = E7BE1CF22477102C0046F175 /* Swift5 Todo */;
			targetProxy = E7BE1D152477102F0046F175 /* PBXContainerItemProxy */;
		};
/* End PBXTargetDependency section */

/* Begin PBXVariantGroup section */
		E7BE1CFC2477102C0046F175 /* Main.storyboard */ = {
			isa = PBXVariantGroup;
			children = (
				E7BE1CFD2477102C0046F175 /* Base */,
			);
			name = Main.storyboard;
			sourceTree = "<group>";
		};
		E7BE1D012477102F0046F175 /* LaunchScreen.storyboard */ = {
			isa = PBXVariantGroup;
			children = (
				E7BE1D022477102F0046F175 /* Base */,
			);
			name = LaunchScreen.storyboard;
			sourceTree = "<group>";
		};
/* End PBXVariantGroup section */

/* Begin XCBuildConfiguration section */
		E7BE1D1B2477102F0046F175 /* Debug */ = {
			isa = XCBuildConfiguration;
			buildSettings = {
				ALWAYS_SEARCH_USER_PATHS = NO;
				CLANG_ANALYZER_NONNULL = YES;
				CLANG_ANALYZER_NUMBER_OBJECT_CONVERSION = YES_AGGRESSIVE;
				CLANG_CXX_LANGUAGE_STANDARD = "gnu++14";
				CLANG_CXX_LIBRARY = "libc++";
				CLANG_ENABLE_MODULES = YES;
				CLANG_ENABLE_OBJC_ARC = YES;
				CLANG_ENABLE_OBJC_WEAK = YES;
				CLANG_WARN_BLOCK_CAPTURE_AUTORELEASING = YES;
				CLANG_WARN_BOOL_CONVERSION = YES;
				CLANG_WARN_COMMA = YES;
				CLANG_WARN_CONSTANT_CONVERSION = YES;
				CLANG_WARN_DEPRECATED_OBJC_IMPLEMENTATIONS = YES;
				CLANG_WARN_DIRECT_OBJC_ISA_USAGE = YES_ERROR;
				CLANG_WARN_DOCUMENTATION_COMMENTS = YES;
				CLANG_WARN_EMPTY_BODY = YES;
				CLANG_WARN_ENUM_CONVERSION = YES;
				CLANG_WARN_INFINITE_RECURSION = YES;
				CLANG_WARN_INT_CONVERSION = YES;
				CLANG_WARN_NON_LITERAL_NULL_CONVERSION = YES;
				CLANG_WARN_OBJC_IMPLICIT_RETAIN_SELF = YES;
				CLANG_WARN_OBJC_LITERAL_CONVERSION = YES;
				CLANG_WARN_OBJC_ROOT_CLASS = YES_ERROR;
				CLANG_WARN_RANGE_LOOP_ANALYSIS = YES;
				CLANG_WARN_STRICT_PROTOTYPES = YES;
				CLANG_WARN_SUSPICIOUS_MOVE = YES;
				CLANG_WARN_UNGUARDED_AVAILABILITY = YES_AGGRESSIVE;
				CLANG_WARN_UNREACHABLE_CODE = YES;
				CLANG_WARN__DUPLICATE_METHOD_MATCH = YES;
				COPY_PHASE_STRIP = NO;
				DEBUG_INFORMATION_FORMAT = dwarf;
				ENABLE_STRICT_OBJC_MSGSEND = YES;
				ENABLE_TESTABILITY = YES;
				GCC_C_LANGUAGE_STANDARD = gnu11;
				GCC_DYNAMIC_NO_PIC = NO;
				GCC_NO_COMMON_BLOCKS = YES;
				GCC_OPTIMIZATION_LEVEL = 0;
				GCC_PREPROCESSOR_DEFINITIONS = (
					"DEBUG=1",
					"$(inherited)",
				);
				GCC_WARN_64_TO_32_BIT_CONVERSION = YES;
				GCC_WARN_ABOUT_RETURN_TYPE = YES_ERROR;
				GCC_WARN_UNDECLARED_SELECTOR = YES;
				GCC_WARN_UNINITIALIZED_AUTOS = YES_AGGRESSIVE;
				GCC_WARN_UNUSED_FUNCTION = YES;
				GCC_WARN_UNUSED_VARIABLE = YES;
				IPHONEOS_DEPLOYMENT_TARGET = 13.4;
				MTL_ENABLE_DEBUG_INFO = INCLUDE_SOURCE;
				MTL_FAST_MATH = YES;
				ONLY_ACTIVE_ARCH = YES;
				SDKROOT = iphoneos;
				SWIFT_ACTIVE_COMPILATION_CONDITIONS = DEBUG;
				SWIFT_OPTIMIZATION_LEVEL = "-Onone";
			};
			name = Debug;
		};
		E7BE1D1C2477102F0046F175 /* Release */ = {
			isa = XCBuildConfiguration;
			buildSettings = {
				ALWAYS_SEARCH_USER_PATHS = NO;
				CLANG_ANALYZER_NONNULL = YES;
				CLANG_ANALYZER_NUMBER_OBJECT_CONVERSION = YES_AGGRESSIVE;
				CLANG_CXX_LANGUAGE_STANDARD = "gnu++14";
				CLANG_CXX_LIBRARY = "libc++";
				CLANG_ENABLE_MODULES = YES;
				CLANG_ENABLE_OBJC_ARC = YES;
				CLANG_ENABLE_OBJC_WEAK = YES;
				CLANG_WARN_BLOCK_CAPTURE_AUTORELEASING = YES;
				CLANG_WARN_BOOL_CONVERSION = YES;
				CLANG_WARN_COMMA = YES;
				CLANG_WARN_CONSTANT_CONVERSION = YES;
				CLANG_WARN_DEPRECATED_OBJC_IMPLEMENTATIONS = YES;
				CLANG_WARN_DIRECT_OBJC_ISA_USAGE = YES_ERROR;
				CLANG_WARN_DOCUMENTATION_COMMENTS = YES;
				CLANG_WARN_EMPTY_BODY = YES;
				CLANG_WARN_ENUM_CONVERSION = YES;
				CLANG_WARN_INFINITE_RECURSION = YES;
				CLANG_WARN_INT_CONVERSION = YES;
				CLANG_WARN_NON_LITERAL_NULL_CONVERSION = YES;
				CLANG_WARN_OBJC_IMPLICIT_RETAIN_SELF = YES;
				CLANG_WARN_OBJC_LITERAL_CONVERSION = YES;
				CLANG_WARN_OBJC_ROOT_CLASS = YES_ERROR;
				CLANG_WARN_RANGE_LOOP_ANALYSIS = YES;
				CLANG_WARN_STRICT_PROTOTYPES = YES;
				CLANG_WARN_SUSPICIOUS_MOVE = YES;
				CLANG_WARN_UNGUARDED_AVAILABILITY = YES_AGGRESSIVE;
				CLANG_WARN_UNREACHABLE_CODE = YES;
				CLANG_WARN__DUPLICATE_METHOD_MATCH = YES;
				COPY_PHASE_STRIP = NO;
				DEBUG_INFORMATION_FORMAT = "dwarf-with-dsym";
				ENABLE_NS_ASSERTIONS = NO;
				ENABLE_STRICT_OBJC_MSGSEND = YES;
				GCC_C_LANGUAGE_STANDARD = gnu11;
				GCC_NO_COMMON_BLOCKS = YES;
				GCC_WARN_64_TO_32_BIT_CONVERSION = YES;
				GCC_WARN_ABOUT_RETURN_TYPE = YES_ERROR;
				GCC_WARN_UNDECLARED_SELECTOR = YES;
				GCC_WARN_UNINITIALIZED_AUTOS = YES_AGGRESSIVE;
				GCC_WARN_UNUSED_FUNCTION = YES;
				GCC_WARN_UNUSED_VARIABLE = YES;
				IPHONEOS_DEPLOYMENT_TARGET = 13.4;
				MTL_ENABLE_DEBUG_INFO = NO;
				MTL_FAST_MATH = YES;
				SDKROOT = iphoneos;
				SWIFT_COMPILATION_MODE = wholemodule;
				SWIFT_OPTIMIZATION_LEVEL = "-O";
				VALIDATE_PRODUCT = YES;
			};
			name = Release;
		};
		E7BE1D1E2477102F0046F175 /* Debug */ = {
			isa = XCBuildConfiguration;
			baseConfigurationReference = 59A9B53A7911FB861B360891 /* Pods-Swift5 Todo.debug.xcconfig */;
			buildSettings = {
				ASSETCATALOG_COMPILER_APPICON_NAME = AppIcon;
				CODE_SIGN_STYLE = Automatic;
				INFOPLIST_FILE = "Swift5 Todo/Info.plist";
				LD_RUNPATH_SEARCH_PATHS = (
					"$(inherited)",
					"@executable_path/Frameworks",
				);
				PRODUCT_BUNDLE_IDENTIFIER = "com.-Hiroaki-Hirabayashi.Swift5-Todo";
				PRODUCT_NAME = "$(TARGET_NAME)";
				SWIFT_VERSION = 5.0;
				TARGETED_DEVICE_FAMILY = "1,2";
			};
			name = Debug;
		};
		E7BE1D1F2477102F0046F175 /* Release */ = {
			isa = XCBuildConfiguration;
			baseConfigurationReference = 121BF761E507E3F8F8752DB9 /* Pods-Swift5 Todo.release.xcconfig */;
			buildSettings = {
				ASSETCATALOG_COMPILER_APPICON_NAME = AppIcon;
				CODE_SIGN_STYLE = Automatic;
				INFOPLIST_FILE = "Swift5 Todo/Info.plist";
				LD_RUNPATH_SEARCH_PATHS = (
					"$(inherited)",
					"@executable_path/Frameworks",
				);
				PRODUCT_BUNDLE_IDENTIFIER = "com.-Hiroaki-Hirabayashi.Swift5-Todo";
				PRODUCT_NAME = "$(TARGET_NAME)";
				SWIFT_VERSION = 5.0;
				TARGETED_DEVICE_FAMILY = "1,2";
			};
			name = Release;
		};
		E7BE1D212477102F0046F175 /* Debug */ = {
			isa = XCBuildConfiguration;
			baseConfigurationReference = B6DEF5C27C37C839582CE4F9 /* Pods-Swift5 TodoTests.debug.xcconfig */;
			buildSettings = {
				ALWAYS_EMBED_SWIFT_STANDARD_LIBRARIES = YES;
				BUNDLE_LOADER = "$(TEST_HOST)";
				CODE_SIGN_STYLE = Automatic;
				INFOPLIST_FILE = "Swift5 TodoTests/Info.plist";
				IPHONEOS_DEPLOYMENT_TARGET = 13.4;
				LD_RUNPATH_SEARCH_PATHS = (
					"$(inherited)",
					"@executable_path/Frameworks",
					"@loader_path/Frameworks",
				);
				PRODUCT_BUNDLE_IDENTIFIER = "com.-Hiroaki-Hirabayashi.Swift5-TodoTests";
				PRODUCT_NAME = "$(TARGET_NAME)";
				SWIFT_VERSION = 5.0;
				TARGETED_DEVICE_FAMILY = "1,2";
				TEST_HOST = "$(BUILT_PRODUCTS_DIR)/Swift5 Todo.app/Swift5 Todo";
			};
			name = Debug;
		};
		E7BE1D222477102F0046F175 /* Release */ = {
			isa = XCBuildConfiguration;
			baseConfigurationReference = 4AAD0330E4869FF741A21E84 /* Pods-Swift5 TodoTests.release.xcconfig */;
			buildSettings = {
				ALWAYS_EMBED_SWIFT_STANDARD_LIBRARIES = YES;
				BUNDLE_LOADER = "$(TEST_HOST)";
				CODE_SIGN_STYLE = Automatic;
				INFOPLIST_FILE = "Swift5 TodoTests/Info.plist";
				IPHONEOS_DEPLOYMENT_TARGET = 13.4;
				LD_RUNPATH_SEARCH_PATHS = (
					"$(inherited)",
					"@executable_path/Frameworks",
					"@loader_path/Frameworks",
				);
				PRODUCT_BUNDLE_IDENTIFIER = "com.-Hiroaki-Hirabayashi.Swift5-TodoTests";
				PRODUCT_NAME = "$(TARGET_NAME)";
				SWIFT_VERSION = 5.0;
				TARGETED_DEVICE_FAMILY = "1,2";
				TEST_HOST = "$(BUILT_PRODUCTS_DIR)/Swift5 Todo.app/Swift5 Todo";
			};
			name = Release;
		};
		E7BE1D242477102F0046F175 /* Debug */ = {
			isa = XCBuildConfiguration;
			baseConfigurationReference = 6C45492828E1FED1BAB8F331 /* Pods-Swift5 Todo-Swift5 TodoUITests.debug.xcconfig */;
			buildSettings = {
				ALWAYS_EMBED_SWIFT_STANDARD_LIBRARIES = YES;
				CODE_SIGN_STYLE = Automatic;
				INFOPLIST_FILE = "Swift5 TodoUITests/Info.plist";
				LD_RUNPATH_SEARCH_PATHS = (
					"$(inherited)",
					"@executable_path/Frameworks",
					"@loader_path/Frameworks",
				);
				PRODUCT_BUNDLE_IDENTIFIER = "com.-Hiroaki-Hirabayashi.Swift5-TodoUITests";
				PRODUCT_NAME = "$(TARGET_NAME)";
				SWIFT_VERSION = 5.0;
				TARGETED_DEVICE_FAMILY = "1,2";
				TEST_TARGET_NAME = "Swift5 Todo";
			};
			name = Debug;
		};
		E7BE1D252477102F0046F175 /* Release */ = {
			isa = XCBuildConfiguration;
			baseConfigurationReference = 57ACFA724BBC1A68ECA723E5 /* Pods-Swift5 Todo-Swift5 TodoUITests.release.xcconfig */;
			buildSettings = {
				ALWAYS_EMBED_SWIFT_STANDARD_LIBRARIES = YES;
				CODE_SIGN_STYLE = Automatic;
				INFOPLIST_FILE = "Swift5 TodoUITests/Info.plist";
				LD_RUNPATH_SEARCH_PATHS = (
					"$(inherited)",
					"@executable_path/Frameworks",
					"@loader_path/Frameworks",
				);
				PRODUCT_BUNDLE_IDENTIFIER = "com.-Hiroaki-Hirabayashi.Swift5-TodoUITests";
				PRODUCT_NAME = "$(TARGET_NAME)";
				SWIFT_VERSION = 5.0;
				TARGETED_DEVICE_FAMILY = "1,2";
				TEST_TARGET_NAME = "Swift5 Todo";
			};
			name = Release;
		};
/* End XCBuildConfiguration section */

/* Begin XCConfigurationList section */
		E7BE1CEE2477102C0046F175 /* Build configuration list for PBXProject "Swift5 Todo" */ = {
			isa = XCConfigurationList;
			buildConfigurations = (
				E7BE1D1B2477102F0046F175 /* Debug */,
				E7BE1D1C2477102F0046F175 /* Release */,
			);
			defaultConfigurationIsVisible = 0;
			defaultConfigurationName = Release;
		};
		E7BE1D1D2477102F0046F175 /* Build configuration list for PBXNativeTarget "Swift5 Todo" */ = {
			isa = XCConfigurationList;
			buildConfigurations = (
				E7BE1D1E2477102F0046F175 /* Debug */,
				E7BE1D1F2477102F0046F175 /* Release */,
			);
			defaultConfigurationIsVisible = 0;
			defaultConfigurationName = Release;
		};
		E7BE1D202477102F0046F175 /* Build configuration list for PBXNativeTarget "Swift5 TodoTests" */ = {
			isa = XCConfigurationList;
			buildConfigurations = (
				E7BE1D212477102F0046F175 /* Debug */,
				E7BE1D222477102F0046F175 /* Release */,
			);
			defaultConfigurationIsVisible = 0;
			defaultConfigurationName = Release;
		};
		E7BE1D232477102F0046F175 /* Build configuration list for PBXNativeTarget "Swift5 TodoUITests" */ = {
			isa = XCConfigurationList;
			buildConfigurations = (
				E7BE1D242477102F0046F175 /* Debug */,
				E7BE1D252477102F0046F175 /* Release */,
			);
			defaultConfigurationIsVisible = 0;
			defaultConfigurationName = Release;
		};
/* End XCConfigurationList section */
	};
	rootObject = E7BE1CEB2477102C0046F175 /* Project object */;
}
